
Microsoft Visual Studio Solution File, Format Version 12.00
# Visual Studio Version 17
VisualStudioVersion = 17.11.35312.102
MinimumVisualStudioVersion = 10.0.40219.1
Project("{8BC9CEB8-8B4A-11D0-8D11-00A0C91BC942}") = "lab_07.3_rec", "lab_07.3_rec\lab_07.3_rec.vcxproj", "{C546DC27-0DA4-4F84-96F0-BCDE0CCA7F03}"
EndProject
Project("{8BC9CEB8-8B4A-11D0-8D11-00A0C91BC942}") = "UnitTest_07.3_rec", "UnitTest_07.3_rec\UnitTest_07.3_rec.vcxproj", "{83054375-8466-44B6-8FEC-C310506B4810}"
EndProject
Global
	GlobalSection(SolutionConfigurationPlatforms) = preSolution
		Debug|x64 = Debug|x64
		Debug|x86 = Debug|x86
		Release|x64 = Release|x64
		Release|x86 = Release|x86
	EndGlobalSection
	GlobalSection(ProjectConfigurationPlatforms) = postSolution
		{C546DC27-0DA4-4F84-96F0-BCDE0CCA7F03}.Debug|x64.ActiveCfg = Debug|x64
		{C546DC27-0DA4-4F84-96F0-BCDE0CCA7F03}.Debug|x64.Build.0 = Debug|x64
		{C546DC27-0DA4-4F84-96F0-BCDE0CCA7F03}.Debug|x86.ActiveCfg = Debug|Win32
		{C546DC27-0DA4-4F84-96F0-BCDE0CCA7F03}.Debug|x86.Build.0 = Debug|Win32
		{C546DC27-0DA4-4F84-96F0-BCDE0CCA7F03}.Release|x64.ActiveCfg = Release|x64
		{C546DC27-0DA4-4F84-96F0-BCDE0CCA7F03}.Release|x64.Build.0 = Release|x64
		{C546DC27-0DA4-4F84-96F0-BCDE0CCA7F03}.Release|x86.ActiveCfg = Release|Win32
		{C546DC27-0DA4-4F84-96F0-BCDE0CCA7F03}.Release|x86.Build.0 = Release|Win32
		{83054375-8466-44B6-8FEC-C310506B4810}.Debug|x64.ActiveCfg = Debug|x64
		{83054375-8466-44B6-8FEC-C310506B4810}.Debug|x64.Build.0 = Debug|x64
		{83054375-8466-44B6-8FEC-C310506B4810}.Debug|x86.ActiveCfg = Debug|Win32
		{83054375-8466-44B6-8FEC-C310506B4810}.Debug|x86.Build.0 = Debug|Win32
		{83054375-8466-44B6-8FEC-C310506B4810}.Release|x64.ActiveCfg = Release|x64
		{83054375-8466-44B6-8FEC-C310506B4810}.Release|x64.Build.0 = Release|x64
		{83054375-8466-44B6-8FEC-C310506B4810}.Release|x86.ActiveCfg = Release|Win32
		{83054375-8466-44B6-8FEC-C310506B4810}.Release|x86.Build.0 = Release|Win32
	EndGlobalSection
	GlobalSection(SolutionProperties) = preSolution
		HideSolutionNode = FALSE
	EndGlobalSection
	GlobalSection(ExtensibilityGlobals) = postSolution
		SolutionGuid = {5E6B754A-8A54-48B6-B7D6-4E143C017E9B}
	EndGlobalSection
EndGlobal
